
Microsoft Visual Studio Solution File, Format Version 12.00
# Visual Studio Version 17
VisualStudioVersion = 17.5.002.0
MinimumVisualStudioVersion = 10.0.40219.1
Project("{9A19103F-16F7-4668-BE54-9A1E7A4F7556}") = "August155", "August155.csproj", "{8EE8598B-2F4F-485F-BC73-0A4C3CCA93E1}"
EndProject
Global
	GlobalSection(SolutionConfigurationPlatforms) = preSolution
		Debug|Any CPU = Debug|Any CPU
		Release|Any CPU = Release|Any CPU
	EndGlobalSection
	GlobalSection(ProjectConfigurationPlatforms) = postSolution
		{8EE8598B-2F4F-485F-BC73-0A4C3CCA93E1}.Debug|Any CPU.ActiveCfg = Debug|Any CPU
		{8EE8598B-2F4F-485F-BC73-0A4C3CCA93E1}.Debug|Any CPU.Build.0 = Debug|Any CPU
		{8EE8598B-2F4F-485F-BC73-0A4C3CCA93E1}.Release|Any CPU.ActiveCfg = Release|Any CPU
		{8EE8598B-2F4F-485F-BC73-0A4C3CCA93E1}.Release|Any CPU.Build.0 = Release|Any CPU
	EndGlobalSection
	GlobalSection(SolutionProperties) = preSolution
		HideSolutionNode = FALSE
	EndGlobalSection
	GlobalSection(ExtensibilityGlobals) = postSolution
		SolutionGuid = {3E27C34C-2027-417C-9F4A-C6CF6535F942}
	EndGlobalSection
EndGlobal
